# This file is autogenerated, do not edit; changes may be undone by the next 'dep ensure'.


[[projects]]
  name = "github.com/astaxie/beego"
  packages = [".","config","context","context/param","grace","httplib","logs","orm","session","toolbox","utils"]
  revision = "bf5c5626ab429e66d88602e1ab1ab5fbf4629a01"
  version = "v1.9.2"

[[projects]]
  name = "github.com/bitly/go-simplejson"
  packages = ["."]
  revision = "aabad6e819789e569bd6aabf444c935aa9ba1e44"
  version = "v0.5.0"

[[projects]]
  name = "github.com/go-redis/redis"
  packages = [".","internal","internal/consistenthash","internal/hashtag","internal/pool","internal/proto"]
  revision = "9c885d5ba8a22f260badcffde1649915fbeebfc0"
  version = "v6.7.5"

[[projects]]
  name = "github.com/go-sql-driver/mysql"
  packages = ["."]
  revision = "a0583e0143b1624142adab07e0e97fe106d99561"
  version = "v1.3"

[[projects]]
  branch = "master"
  name = "github.com/gopherjs/gopherjs"
  packages = ["js"]
  revision = "444abdf920945de5d4a977b572bcc6c674d1e4eb"

[[projects]]
  name = "github.com/jtolds/gls"
  packages = ["."]
  revision = "77f18212c9c7edc9bd6a33d383a7b545ce62f064"
  version = "v4.2.1"

[[projects]]
  name = "github.com/smartystreets/assertions"
  packages = [".","internal/go-render/render","internal/oglematchers"]
  revision = "0b37b35ec7434b77e77a4bb29b79677cced992ea"
  version = "1.8.1"

[[projects]]
  name = "github.com/smartystreets/goconvey"
  packages = ["convey","convey/gotest","convey/reporting"]
  revision = "9e8dc3f972df6c8fcc0375ef492c24d0bb204857"
  version = "1.6.3"

[solve-meta]
  analyzer-name = "dep"
  analyzer-version = 1
  inputs-digest = "17d15ec941c0ae56e80b2b122b0007fdaccd4f4fb327610a80cf8c25782d2076"
  solver-name = "gps-cdcl"
  solver-version = 1
